
Microsoft Visual Studio Solution File, Format Version 12.00
# Visual Studio Version 17
VisualStudioVersion = 17.8.34511.84
MinimumVisualStudioVersion = 10.0.40219.1
Project("{9A19103F-16F7-4668-BE54-9A1E7A4F7556}") = "MvcMovie", "MvcMovie\MvcMovie.csproj", "{560FC894-D396-478B-9589-460627B18EAF}"
EndProject
Project("{FAE04EC0-301F-11D3-BF4B-00C04F79EFBC}") = "MvcMoview.Tests", "MvcMoview.Tests\MvcMoview.Tests.csproj", "{DEA816DF-776B-49A5-A120-93138CB4A2BF}"
EndProject
Global
	GlobalSection(SolutionConfigurationPlatforms) = preSolution
		Debug|Any CPU = Debug|Any CPU
		Release|Any CPU = Release|Any CPU
	EndGlobalSection
	GlobalSection(ProjectConfigurationPlatforms) = postSolution
		{560FC894-D396-478B-9589-460627B18EAF}.Debug|Any CPU.ActiveCfg = Debug|Any CPU
		{560FC894-D396-478B-9589-460627B18EAF}.Debug|Any CPU.Build.0 = Debug|Any CPU
		{560FC894-D396-478B-9589-460627B18EAF}.Release|Any CPU.ActiveCfg = Release|Any CPU
		{560FC894-D396-478B-9589-460627B18EAF}.Release|Any CPU.Build.0 = Release|Any CPU
		{DEA816DF-776B-49A5-A120-93138CB4A2BF}.Debug|Any CPU.ActiveCfg = Debug|Any CPU
		{DEA816DF-776B-49A5-A120-93138CB4A2BF}.Debug|Any CPU.Build.0 = Debug|Any CPU
		{DEA816DF-776B-49A5-A120-93138CB4A2BF}.Release|Any CPU.ActiveCfg = Release|Any CPU
		{DEA816DF-776B-49A5-A120-93138CB4A2BF}.Release|Any CPU.Build.0 = Release|Any CPU
	EndGlobalSection
	GlobalSection(SolutionProperties) = preSolution
		HideSolutionNode = FALSE
	EndGlobalSection
	GlobalSection(ExtensibilityGlobals) = postSolution
		SolutionGuid = {E7AC2779-A0DA-49F1-8C0D-C82F09242EEE}
	EndGlobalSection
EndGlobal
